
Microsoft Visual Studio Solution File, Format Version 12.00
# Visual Studio Version 16
VisualStudioVersion = 16.0.31424.327
MinimumVisualStudioVersion = 10.0.40219.1
Project("{FAE04EC0-301F-11D3-BF4B-00C04F79EFBC}") = "Galactic.Api.Announcements", "Galactic.Api.Announcements\Galactic.Api.Announcements.csproj", "{FF53FA2C-6C42-4D16-91C3-6D9A5035B50D}"
EndProject
Global
	GlobalSection(SolutionConfigurationPlatforms) = preSolution
		Debug|Any CPU = Debug|Any CPU
		Release|Any CPU = Release|Any CPU
	EndGlobalSection
	GlobalSection(ProjectConfigurationPlatforms) = postSolution
		{FF53FA2C-6C42-4D16-91C3-6D9A5035B50D}.Debug|Any CPU.ActiveCfg = Debug|Any CPU
		{FF53FA2C-6C42-4D16-91C3-6D9A5035B50D}.Debug|Any CPU.Build.0 = Debug|Any CPU
		{FF53FA2C-6C42-4D16-91C3-6D9A5035B50D}.Release|Any CPU.ActiveCfg = Release|Any CPU
		{FF53FA2C-6C42-4D16-91C3-6D9A5035B50D}.Release|Any CPU.Build.0 = Release|Any CPU
	EndGlobalSection
	GlobalSection(SolutionProperties) = preSolution
		HideSolutionNode = FALSE
	EndGlobalSection
	GlobalSection(ExtensibilityGlobals) = postSolution
		SolutionGuid = {85847C07-E223-4989-900B-1EF67881A583}
	EndGlobalSection
EndGlobal
